
Microsoft Visual Studio Solution File, Format Version 12.00
# Visual Studio 15
VisualStudioVersion = 15.0.27004.2010
MinimumVisualStudioVersion = 10.0.40219.1
Project("{FAE04EC0-301F-11D3-BF4B-00C04F79EFBC}") = "RpgDamageSimulation", "RpgDamageSimulation\RpgDamageSimulation.csproj", "{33ED13D9-9BE9-4AB3-8B25-7E7512E0BB5E}"
EndProject
Global
	GlobalSection(SolutionConfigurationPlatforms) = preSolution
		Debug|Any CPU = Debug|Any CPU
		Release|Any CPU = Release|Any CPU
	EndGlobalSection
	GlobalSection(ProjectConfigurationPlatforms) = postSolution
		{33ED13D9-9BE9-4AB3-8B25-7E7512E0BB5E}.Debug|Any CPU.ActiveCfg = Debug|Any CPU
		{33ED13D9-9BE9-4AB3-8B25-7E7512E0BB5E}.Debug|Any CPU.Build.0 = Debug|Any CPU
		{33ED13D9-9BE9-4AB3-8B25-7E7512E0BB5E}.Release|Any CPU.ActiveCfg = Release|Any CPU
		{33ED13D9-9BE9-4AB3-8B25-7E7512E0BB5E}.Release|Any CPU.Build.0 = Release|Any CPU
	EndGlobalSection
	GlobalSection(SolutionProperties) = preSolution
		HideSolutionNode = FALSE
	EndGlobalSection
	GlobalSection(ExtensibilityGlobals) = postSolution
		SolutionGuid = {FE13A973-E523-4C58-9476-19AC86AF4E0B}
	EndGlobalSection
EndGlobal
